
Microsoft Visual Studio Solution File, Format Version 12.00
# Visual Studio Version 16
VisualStudioVersion = 16.0.33529.622
MinimumVisualStudioVersion = 10.0.40219.1
Project("{FAE04EC0-301F-11D3-BF4B-00C04F79EFBC}") = "HomeWorkPurchase", "HomeWorkPurchase\HomeWorkPurchase.csproj", "{4E9E934B-34AF-4CCC-9411-0E1C3BC798B5}"
EndProject
Global
	GlobalSection(SolutionConfigurationPlatforms) = preSolution
		Debug|Any CPU = Debug|Any CPU
		Release|Any CPU = Release|Any CPU
	EndGlobalSection
	GlobalSection(ProjectConfigurationPlatforms) = postSolution
		{4E9E934B-34AF-4CCC-9411-0E1C3BC798B5}.Debug|Any CPU.ActiveCfg = Debug|Any CPU
		{4E9E934B-34AF-4CCC-9411-0E1C3BC798B5}.Debug|Any CPU.Build.0 = Debug|Any CPU
		{4E9E934B-34AF-4CCC-9411-0E1C3BC798B5}.Release|Any CPU.ActiveCfg = Release|Any CPU
		{4E9E934B-34AF-4CCC-9411-0E1C3BC798B5}.Release|Any CPU.Build.0 = Release|Any CPU
	EndGlobalSection
	GlobalSection(SolutionProperties) = preSolution
		HideSolutionNode = FALSE
	EndGlobalSection
	GlobalSection(ExtensibilityGlobals) = postSolution
		SolutionGuid = {77814F83-F21F-4BDB-9F76-709FE434276C}
	EndGlobalSection
EndGlobal
